<?xml version="1.0" encoding="utf-8"?>
<Project ToolsVersion="4.0" xmlns="http://schemas.microsoft.com/developer/msbuild/2003">
  <ItemGroup>
    <ClCompile Include="configfile.cpp" />
    <ClCompile Include="inputsenderkeyboard.cpp" />
    <ClCompile Include="inputprockeyboard.cpp" />
    <ClCompile Include="keycap.cpp" />
    <ClCompile Include="keycaputil.cpp" />
    <ClCompile Include="inputproc.cpp" />
    <ClCompile Include="inputprocmouse.cpp" />
    <ClCompile Include="inputsenderthread.cpp" />
    <ClCompile Include="inputsendermouse.cpp" />
  </ItemGroup>
  <ItemGroup>
    <ClInclude Include="stdafx.h" />
    <ClInclude Include="targetver.h" />
    <ClInclude Include="configfile.h" />
    <ClInclude Include="inputsenderkeyboard.h" />
    <ClInclude Include="inputprockeyboard.h" />
    <ClInclude Include="keycap.h" />
    <ClInclude Include="keycapstructs.h" />
    <ClInclude Include="keycaputil.h" />
    <ClInclude Include="inputproc.h" />
    <ClInclude Include="inputprocmouse.h" />
    <ClInclude Include="inputsenderthread.h" />
    <ClInclude Include="inputsendermouse.h" />
  </ItemGroup>
</Project>